// !$*UTF8*$!
{
	archiveVersion = 1;
	classes = {
	};
	objectVersion = 55;
	objects = {

/* Begin PBXBuildFile section */
		4FCDB3D52734EB2C008BB1A1 /* swiftUI_tutorialApp.swift in Sources */ = {isa = PBXBuildFile; fileRef = 4FCDB3D42734EB2C008BB1A1 /* swiftUI_tutorialApp.swift */; };
		4FCDB3D72734EB2C008BB1A1 /* ContentView.swift in Sources */ = {isa = PBXBuildFile; fileRef = 4FCDB3D62734EB2C008BB1A1 /* ContentView.swift */; };
		4FCDB3D92734EB2E008BB1A1 /* Assets.xcassets in Resources */ = {isa = PBXBuildFile; fileRef = 4FCDB3D82734EB2E008BB1A1 /* Assets.xcassets */; };
		4FCDB3DC2734EB2E008BB1A1 /* Preview Assets.xcassets in Resources */ = {isa = PBXBuildFile; fileRef = 4FCDB3DB2734EB2E008BB1A1 /* Preview Assets.xcassets */; };
		4FCDB3E32734F03B008BB1A1 /* CircleImage.swift in Sources */ = {isa = PBXBuildFile; fileRef = 4FCDB3E22734F03B008BB1A1 /* CircleImage.swift */; };
		4FCDB3E52734F1A1008BB1A1 /* MapView.swift in Sources */ = {isa = PBXBuildFile; fileRef = 4FCDB3E42734F1A1008BB1A1 /* MapView.swift */; };
		4FCDB3E72734F4B9008BB1A1 /* landmarkData.json in Resources */ = {isa = PBXBuildFile; fileRef = 4FCDB3E62734F4B9008BB1A1 /* landmarkData.json */; };
		4FCDB3E92734F4E5008BB1A1 /* Landmark.swift in Sources */ = {isa = PBXBuildFile; fileRef = 4FCDB3E82734F4E5008BB1A1 /* Landmark.swift */; };
		4FCDB3EB2734FB4B008BB1A1 /* ModelData.swift in Sources */ = {isa = PBXBuildFile; fileRef = 4FCDB3EA2734FB4B008BB1A1 /* ModelData.swift */; };
		4FCDB3F02737ADBF008BB1A1 /* LandmarkRow.swift in Sources */ = {isa = PBXBuildFile; fileRef = 4FCDB3EF2737ADBF008BB1A1 /* LandmarkRow.swift */; };
		4FCDB3F22737AEEF008BB1A1 /* LandmarkList.swift in Sources */ = {isa = PBXBuildFile; fileRef = 4FCDB3F12737AEEE008BB1A1 /* LandmarkList.swift */; };
		4FCDB3F42737B2C1008BB1A1 /* LandmarkDetail.swift in Sources */ = {isa = PBXBuildFile; fileRef = 4FCDB3F32737B2C1008BB1A1 /* LandmarkDetail.swift */; };
/* End PBXBuildFile section */

/* Begin PBXFileReference section */
		4FCDB3D12734EB2C008BB1A1 /* swiftUI_tutorial.app */ = {isa = PBXFileReference; explicitFileType = wrapper.application; includeInIndex = 0; path = swiftUI_tutorial.app; sourceTree = BUILT_PRODUCTS_DIR; };
		4FCDB3D42734EB2C008BB1A1 /* swiftUI_tutorialApp.swift */ = {isa = PBXFileReference; lastKnownFileType = sourcecode.swift; path = swiftUI_tutorialApp.swift; sourceTree = "<group>"; };
		4FCDB3D62734EB2C008BB1A1 /* ContentView.swift */ = {isa = PBXFileReference; lastKnownFileType = sourcecode.swift; path = ContentView.swift; sourceTree = "<group>"; };
		4FCDB3D82734EB2E008BB1A1 /* Assets.xcassets */ = {isa = PBXFileReference; lastKnownFileType = folder.assetcatalog; path = Assets.xcassets; sourceTree = "<group>"; };
		4FCDB3DB2734EB2E008BB1A1 /* Preview Assets.xcassets */ = {isa = PBXFileReference; lastKnownFileType = folder.assetcatalog; path = "Preview Assets.xcassets"; sourceTree = "<group>"; };
		4FCDB3E22734F03B008BB1A1 /* CircleImage.swift */ = {isa = PBXFileReference; lastKnownFileType = sourcecode.swift; path = CircleImage.swift; sourceTree = "<group>"; };
		4FCDB3E42734F1A1008BB1A1 /* MapView.swift */ = {isa = PBXFileReference; lastKnownFileType = sourcecode.swift; path = MapView.swift; sourceTree = "<group>"; };
		4FCDB3E62734F4B9008BB1A1 /* landmarkData.json */ = {isa = PBXFileReference; fileEncoding = 4; lastKnownFileType = text.json; path = landmarkData.json; sourceTree = "<group>"; };
		4FCDB3E82734F4E5008BB1A1 /* Landmark.swift */ = {isa = PBXFileReference; lastKnownFileType = sourcecode.swift; path = Landmark.swift; sourceTree = "<group>"; };
		4FCDB3EA2734FB4B008BB1A1 /* ModelData.swift */ = {isa = PBXFileReference; lastKnownFileType = sourcecode.swift; path = ModelData.swift; sourceTree = "<group>"; };
		4FCDB3EF2737ADBF008BB1A1 /* LandmarkRow.swift */ = {isa = PBXFileReference; lastKnownFileType = sourcecode.swift; path = LandmarkRow.swift; sourceTree = "<group>"; };
		4FCDB3F12737AEEE008BB1A1 /* LandmarkList.swift */ = {isa = PBXFileReference; lastKnownFileType = sourcecode.swift; path = LandmarkList.swift; sourceTree = "<group>"; };
		4FCDB3F32737B2C1008BB1A1 /* LandmarkDetail.swift */ = {isa = PBXFileReference; lastKnownFileType = sourcecode.swift; path = LandmarkDetail.swift; sourceTree = "<group>"; };
/* End PBXFileReference section */

/* Begin PBXFrameworksBuildPhase section */
		4FCDB3CE2734EB2C008BB1A1 /* Frameworks */ = {
			isa = PBXFrameworksBuildPhase;
			buildActionMask = 2147483647;
			files = (
			);
			runOnlyForDeploymentPostprocessing = 0;
		};
/* End PBXFrameworksBuildPhase section */

/* Begin PBXGroup section */
		4FCDB3C82734EB2C008BB1A1 = {
			isa = PBXGroup;
			children = (
				4FCDB3D32734EB2C008BB1A1 /* swiftUI_tutorial */,
				4FCDB3D22734EB2C008BB1A1 /* Products */,
			);
			sourceTree = "<group>";
		};
		4FCDB3D22734EB2C008BB1A1 /* Products */ = {
			isa = PBXGroup;
			children = (
				4FCDB3D12734EB2C008BB1A1 /* swiftUI_tutorial.app */,
			);
			name = Products;
			sourceTree = "<group>";
		};
		4FCDB3D32734EB2C008BB1A1 /* swiftUI_tutorial */ = {
			isa = PBXGroup;
			children = (
				4FCDB3D42734EB2C008BB1A1 /* swiftUI_tutorialApp.swift */,
				4FCDB3EC2737AC60008BB1A1 /* Views */,
				4FCDB3ED2737AC7D008BB1A1 /* Model */,
				4FCDB3EE2737AC9B008BB1A1 /* Resources */,
				4FCDB3D82734EB2E008BB1A1 /* Assets.xcassets */,
				4FCDB3DA2734EB2E008BB1A1 /* Preview Content */,
			);
			path = swiftUI_tutorial;
			sourceTree = "<group>";
		};
		4FCDB3DA2734EB2E008BB1A1 /* Preview Content */ = {
			isa = PBXGroup;
			children = (
				4FCDB3DB2734EB2E008BB1A1 /* Preview Assets.xcassets */,
			);
			path = "Preview Content";
			sourceTree = "<group>";
		};
		4FCDB3EC2737AC60008BB1A1 /* Views */ = {
			isa = PBXGroup;
			children = (
				4FCDB3D62734EB2C008BB1A1 /* ContentView.swift */,
				4FCDB3E22734F03B008BB1A1 /* CircleImage.swift */,
				4FCDB3E42734F1A1008BB1A1 /* MapView.swift */,
				4FCDB3EF2737ADBF008BB1A1 /* LandmarkRow.swift */,
				4FCDB3F12737AEEE008BB1A1 /* LandmarkList.swift */,
				4FCDB3F32737B2C1008BB1A1 /* LandmarkDetail.swift */,
			);
			path = Views;
			sourceTree = "<group>";
		};
		4FCDB3ED2737AC7D008BB1A1 /* Model */ = {
			isa = PBXGroup;
			children = (
				4FCDB3E82734F4E5008BB1A1 /* Landmark.swift */,
				4FCDB3EA2734FB4B008BB1A1 /* ModelData.swift */,
			);
			path = Model;
			sourceTree = "<group>";
		};
		4FCDB3EE2737AC9B008BB1A1 /* Resources */ = {
			isa = PBXGroup;
			children = (
				4FCDB3E62734F4B9008BB1A1 /* landmarkData.json */,
			);
			path = Resources;
			sourceTree = "<group>";
		};
/* End PBXGroup section */

/* Begin PBXNativeTarget section */
		4FCDB3D02734EB2C008BB1A1 /* swiftUI_tutorial */ = {
			isa = PBXNativeTarget;
			buildConfigurationList = 4FCDB3DF2734EB2E008BB1A1 /* Build configuration list for PBXNativeTarget "swiftUI_tutorial" */;
			buildPhases = (
				4FCDB3CD2734EB2C008BB1A1 /* Sources */,
				4FCDB3CE2734EB2C008BB1A1 /* Frameworks */,
				4FCDB3CF2734EB2C008BB1A1 /* Resources */,
			);
			buildRules = (
			);
			dependencies = (
			);
			name = swiftUI_tutorial;
			productName = swiftUI_tutorial;
			productReference = 4FCDB3D12734EB2C008BB1A1 /* swiftUI_tutorial.app */;
			productType = "com.apple.product-type.application";
		};
/* End PBXNativeTarget section */

/* Begin PBXProject section */
		4FCDB3C92734EB2C008BB1A1 /* Project object */ = {
			isa = PBXProject;
			attributes = {
				BuildIndependentTargetsInParallel = 1;
				LastSwiftUpdateCheck = 1310;
				LastUpgradeCheck = 1310;
				TargetAttributes = {
					4FCDB3D02734EB2C008BB1A1 = {
						CreatedOnToolsVersion = 13.1;
					};
				};
			};
			buildConfigurationList = 4FCDB3CC2734EB2C008BB1A1 /* Build configuration list for PBXProject "swiftUI_tutorial" */;
			compatibilityVersion = "Xcode 13.0";
			developmentRegion = en;
			hasScannedForEncodings = 0;
			knownRegions = (
				en,
				Base,
			);
			mainGroup = 4FCDB3C82734EB2C008BB1A1;
			productRefGroup = 4FCDB3D22734EB2C008BB1A1 /* Products */;
			projectDirPath = "";
			projectRoot = "";
			targets = (
				4FCDB3D02734EB2C008BB1A1 /* swiftUI_tutorial */,
			);
		};
/* End PBXProject section */

/* Begin PBXResourcesBuildPhase section */
		4FCDB3CF2734EB2C008BB1A1 /* Resources */ = {
			isa = PBXResourcesBuildPhase;
			buildActionMask = 2147483647;
			files = (
				4FCDB3DC2734EB2E008BB1A1 /* Preview Assets.xcassets in Resources */,
				4FCDB3D92734EB2E008BB1A1 /* Assets.xcassets in Resources */,
				4FCDB3E72734F4B9008BB1A1 /* landmarkData.json in Resources */,
			);
			runOnlyForDeploymentPostprocessing = 0;
		};
/* End PBXResourcesBuildPhase section */

/* Begin PBXSourcesBuildPhase section */
		4FCDB3CD2734EB2C008BB1A1 /* Sources */ = {
			isa = PBXSourcesBuildPhase;
			buildActionMask = 2147483647;
			files = (
				4FCDB3D72734EB2C008BB1A1 /* ContentView.swift in Sources */,
				4FCDB3E52734F1A1008BB1A1 /* MapView.swift in Sources */,
				4FCDB3D52734EB2C008BB1A1 /* swiftUI_tutorialApp.swift in Sources */,
				4FCDB3F22737AEEF008BB1A1 /* LandmarkList.swift in Sources */,
				4FCDB3F42737B2C1008BB1A1 /* LandmarkDetail.swift in Sources */,
				4FCDB3E32734F03B008BB1A1 /* CircleImage.swift in Sources */,
				4FCDB3E92734F4E5008BB1A1 /* Landmark.swift in Sources */,
				4FCDB3F02737ADBF008BB1A1 /* LandmarkRow.swift in Sources */,
				4FCDB3EB2734FB4B008BB1A1 /* ModelData.swift in Sources */,
			);
			runOnlyForDeploymentPostprocessing = 0;
		};
/* End PBXSourcesBuildPhase section */

/* Begin XCBuildConfiguration section */
		4FCDB3DD2734EB2E008BB1A1 /* Debug */ = {
			isa = XCBuildConfiguration;
			buildSettings = {
				ALWAYS_SEARCH_USER_PATHS = NO;
				CLANG_ANALYZER_NONNULL = YES;
				CLANG_ANALYZER_NUMBER_OBJECT_CONVERSION = YES_AGGRESSIVE;
				CLANG_CXX_LANGUAGE_STANDARD = "gnu++17";
				CLANG_CXX_LIBRARY = "libc++";
				CLANG_ENABLE_MODULES = YES;
				CLANG_ENABLE_OBJC_ARC = YES;
				CLANG_ENABLE_OBJC_WEAK = YES;
				CLANG_WARN_BLOCK_CAPTURE_AUTORELEASING = YES;
				CLANG_WARN_BOOL_CONVERSION = YES;
				CLANG_WARN_COMMA = YES;
				CLANG_WARN_CONSTANT_CONVERSION = YES;
				CLANG_WARN_DEPRECATED_OBJC_IMPLEMENTATIONS = YES;
				CLANG_WARN_DIRECT_OBJC_ISA_USAGE = YES_ERROR;
				CLANG_WARN_DOCUMENTATION_COMMENTS = YES;
				CLANG_WARN_EMPTY_BODY = YES;
				CLANG_WARN_ENUM_CONVERSION = YES;
				CLANG_WARN_INFINITE_RECURSION = YES;
				CLANG_WARN_INT_CONVERSION = YES;
				CLANG_WARN_NON_LITERAL_NULL_CONVERSION = YES;
				CLANG_WARN_OBJC_IMPLICIT_RETAIN_SELF = YES;
				CLANG_WARN_OBJC_LITERAL_CONVERSION = YES;
				CLANG_WARN_OBJC_ROOT_CLASS = YES_ERROR;
				CLANG_WARN_QUOTED_INCLUDE_IN_FRAMEWORK_HEADER = YES;
				CLANG_WARN_RANGE_LOOP_ANALYSIS = YES;
				CLANG_WARN_STRICT_PROTOTYPES = YES;
				CLANG_WARN_SUSPICIOUS_MOVE = YES;
				CLANG_WARN_UNGUARDED_AVAILABILITY = YES_AGGRESSIVE;
				CLANG_WARN_UNREACHABLE_CODE = YES;
				CLANG_WARN__DUPLICATE_METHOD_MATCH = YES;
				COPY_PHASE_STRIP = NO;
				DEBUG_INFORMATION_FORMAT = dwarf;
				ENABLE_STRICT_OBJC_MSGSEND = YES;
				ENABLE_TESTABILITY = YES;
				GCC_C_LANGUAGE_STANDARD = gnu11;
				GCC_DYNAMIC_NO_PIC = NO;
				GCC_NO_COMMON_BLOCKS = YES;
				GCC_OPTIMIZATION_LEVEL = 0;
				GCC_PREPROCESSOR_DEFINITIONS = (
					"DEBUG=1",
					"$(inherited)",
				);
				GCC_WARN_64_TO_32_BIT_CONVERSION = YES;
				GCC_WARN_ABOUT_RETURN_TYPE = YES_ERROR;
				GCC_WARN_UNDECLARED_SELECTOR = YES;
				GCC_WARN_UNINITIALIZED_AUTOS = YES_AGGRESSIVE;
				GCC_WARN_UNUSED_FUNCTION = YES;
				GCC_WARN_UNUSED_VARIABLE = YES;
				IPHONEOS_DEPLOYMENT_TARGET = 15.0;
				MTL_ENABLE_DEBUG_INFO = INCLUDE_SOURCE;
				MTL_FAST_MATH = YES;
				ONLY_ACTIVE_ARCH = YES;
				SDKROOT = iphoneos;
				SWIFT_ACTIVE_COMPILATION_CONDITIONS = DEBUG;
				SWIFT_OPTIMIZATION_LEVEL = "-Onone";
			};
			name = Debug;
		};
		4FCDB3DE2734EB2E008BB1A1 /* Release */ = {
			isa = XCBuildConfiguration;
			buildSettings = {
				ALWAYS_SEARCH_USER_PATHS = NO;
				CLANG_ANALYZER_NONNULL = YES;
				CLANG_ANALYZER_NUMBER_OBJECT_CONVERSION = YES_AGGRESSIVE;
				CLANG_CXX_LANGUAGE_STANDARD = "gnu++17";
				CLANG_CXX_LIBRARY = "libc++";
				CLANG_ENABLE_MODULES = YES;
				CLANG_ENABLE_OBJC_ARC = YES;
				CLANG_ENABLE_OBJC_WEAK = YES;
				CLANG_WARN_BLOCK_CAPTURE_AUTORELEASING = YES;
				CLANG_WARN_BOOL_CONVERSION = YES;
				CLANG_WARN_COMMA = YES;
				CLANG_WARN_CONSTANT_CONVERSION = YES;
				CLANG_WARN_DEPRECATED_OBJC_IMPLEMENTATIONS = YES;
				CLANG_WARN_DIRECT_OBJC_ISA_USAGE = YES_ERROR;
				CLANG_WARN_DOCUMENTATION_COMMENTS = YES;
				CLANG_WARN_EMPTY_BODY = YES;
				CLANG_WARN_ENUM_CONVERSION = YES;
				CLANG_WARN_INFINITE_RECURSION = YES;
				CLANG_WARN_INT_CONVERSION = YES;
				CLANG_WARN_NON_LITERAL_NULL_CONVERSION = YES;
				CLANG_WARN_OBJC_IMPLICIT_RETAIN_SELF = YES;
				CLANG_WARN_OBJC_LITERAL_CONVERSION = YES;
				CLANG_WARN_OBJC_ROOT_CLASS = YES_ERROR;
				CLANG_WARN_QUOTED_INCLUDE_IN_FRAMEWORK_HEADER = YES;
				CLANG_WARN_RANGE_LOOP_ANALYSIS = YES;
				CLANG_WARN_STRICT_PROTOTYPES = YES;
				CLANG_WARN_SUSPICIOUS_MOVE = YES;
				CLANG_WARN_UNGUARDED_AVAILABILITY = YES_AGGRESSIVE;
				CLANG_WARN_UNREACHABLE_CODE = YES;
				CLANG_WARN__DUPLICATE_METHOD_MATCH = YES;
				COPY_PHASE_STRIP = NO;
				DEBUG_INFORMATION_FORMAT = "dwarf-with-dsym";
				ENABLE_NS_ASSERTIONS = NO;
				ENABLE_STRICT_OBJC_MSGSEND = YES;
				GCC_C_LANGUAGE_STANDARD = gnu11;
				GCC_NO_COMMON_BLOCKS = YES;
				GCC_WARN_64_TO_32_BIT_CONVERSION = YES;
				GCC_WARN_ABOUT_RETURN_TYPE = YES_ERROR;
				GCC_WARN_UNDECLARED_SELECTOR = YES;
				GCC_WARN_UNINITIALIZED_AUTOS = YES_AGGRESSIVE;
				GCC_WARN_UNUSED_FUNCTION = YES;
				GCC_WARN_UNUSED_VARIABLE = YES;
				IPHONEOS_DEPLOYMENT_TARGET = 15.0;
				MTL_ENABLE_DEBUG_INFO = NO;
				MTL_FAST_MATH = YES;
				SDKROOT = iphoneos;
				SWIFT_COMPILATION_MODE = wholemodule;
				SWIFT_OPTIMIZATION_LEVEL = "-O";
				VALIDATE_PRODUCT = YES;
			};
			name = Release;
		};
		4FCDB3E02734EB2E008BB1A1 /* Debug */ = {
			isa = XCBuildConfiguration;
			buildSettings = {
				ASSETCATALOG_COMPILER_APPICON_NAME = AppIcon;
				ASSETCATALOG_COMPILER_GLOBAL_ACCENT_COLOR_NAME = AccentColor;
				CODE_SIGN_STYLE = Automatic;
				CURRENT_PROJECT_VERSION = 1;
				DEVELOPMENT_ASSET_PATHS = "\"swiftUI_tutorial/Preview Content\"";
				DEVELOPMENT_TEAM = 8QSTXVD8H9;
				ENABLE_PREVIEWS = YES;
				GENERATE_INFOPLIST_FILE = YES;
				INFOPLIST_KEY_UIApplicationSceneManifest_Generation = YES;
				INFOPLIST_KEY_UIApplicationSupportsIndirectInputEvents = YES;
				INFOPLIST_KEY_UILaunchScreen_Generation = YES;
				INFOPLIST_KEY_UISupportedInterfaceOrientations_iPad = "UIInterfaceOrientationPortrait UIInterfaceOrientationPortraitUpsideDown UIInterfaceOrientationLandscapeLeft UIInterfaceOrientationLandscapeRight";
				INFOPLIST_KEY_UISupportedInterfaceOrientations_iPhone = "UIInterfaceOrientationPortrait UIInterfaceOrientationLandscapeLeft UIInterfaceOrientationLandscapeRight";
				LD_RUNPATH_SEARCH_PATHS = (
					"$(inherited)",
					"@executable_path/Frameworks",
				);
				MARKETING_VERSION = 1.0;
				PRODUCT_BUNDLE_IDENTIFIER = "com.hasensprung.swiftUI-tutorial";
				PRODUCT_NAME = "$(TARGET_NAME)";
				SWIFT_EMIT_LOC_STRINGS = YES;
				SWIFT_VERSION = 5.0;
				TARGETED_DEVICE_FAMILY = "1,2";
			};
			name = Debug;
		};
		4FCDB3E12734EB2E008BB1A1 /* Release */ = {
			isa = XCBuildConfiguration;
			buildSettings = {
				ASSETCATALOG_COMPILER_APPICON_NAME = AppIcon;
				ASSETCATALOG_COMPILER_GLOBAL_ACCENT_COLOR_NAME = AccentColor;
				CODE_SIGN_STYLE = Automatic;
				CURRENT_PROJECT_VERSION = 1;
				DEVELOPMENT_ASSET_PATHS = "\"swiftUI_tutorial/Preview Content\"";
				DEVELOPMENT_TEAM = 8QSTXVD8H9;
				ENABLE_PREVIEWS = YES;
				GENERATE_INFOPLIST_FILE = YES;
				INFOPLIST_KEY_UIApplicationSceneManifest_Generation = YES;
				INFOPLIST_KEY_UIApplicationSupportsIndirectInputEvents = YES;
				INFOPLIST_KEY_UILaunchScreen_Generation = YES;
				INFOPLIST_KEY_UISupportedInterfaceOrientations_iPad = "UIInterfaceOrientationPortrait UIInterfaceOrientationPortraitUpsideDown UIInterfaceOrientationLandscapeLeft UIInterfaceOrientationLandscapeRight";
				INFOPLIST_KEY_UISupportedInterfaceOrientations_iPhone = "UIInterfaceOrientationPortrait UIInterfaceOrientationLandscapeLeft UIInterfaceOrientationLandscapeRight";
				LD_RUNPATH_SEARCH_PATHS = (
					"$(inherited)",
					"@executable_path/Frameworks",
				);
				MARKETING_VERSION = 1.0;
				PRODUCT_BUNDLE_IDENTIFIER = "com.hasensprung.swiftUI-tutorial";
				PRODUCT_NAME = "$(TARGET_NAME)";
				SWIFT_EMIT_LOC_STRINGS = YES;
				SWIFT_VERSION = 5.0;
				TARGETED_DEVICE_FAMILY = "1,2";
			};
			name = Release;
		};
/* End XCBuildConfiguration section */

/* Begin XCConfigurationList section */
		4FCDB3CC2734EB2C008BB1A1 /* Build configuration list for PBXProject "swiftUI_tutorial" */ = {
			isa = XCConfigurationList;
			buildConfigurations = (
				4FCDB3DD2734EB2E008BB1A1 /* Debug */,
				4FCDB3DE2734EB2E008BB1A1 /* Release */,
			);
			defaultConfigurationIsVisible = 0;
			defaultConfigurationName = Release;
		};
		4FCDB3DF2734EB2E008BB1A1 /* Build configuration list for PBXNativeTarget "swiftUI_tutorial" */ = {
			isa = XCConfigurationList;
			buildConfigurations = (
				4FCDB3E02734EB2E008BB1A1 /* Debug */,
				4FCDB3E12734EB2E008BB1A1 /* Release */,
			);
			defaultConfigurationIsVisible = 0;
			defaultConfigurationName = Release;
		};
/* End XCConfigurationList section */
	};
	rootObject = 4FCDB3C92734EB2C008BB1A1 /* Project object */;
}
